<?xml version="1.0" encoding="utf-8"?>
<Project ToolsVersion="4.0" xmlns="http://schemas.microsoft.com/developer/msbuild/2003">
  <ItemGroup>
    <Filter Include="core">
      <UniqueIdentifier>{40b68b25-cb55-4c8b-9cde-5dac34fe0c8f}</UniqueIdentifier>
    </Filter>
    <Filter Include="rt">
      <UniqueIdentifier>{44e7eeff-bbb5-4f13-90c6-310a3e29ddfd}</UniqueIdentifier>
    </Filter>
    <Filter Include="main">
      <UniqueIdentifier>{638d7e8f-f441-4b03-84bf-e42a7b4901de}</UniqueIdentifier>
    </Filter>
    <Filter Include="rt\cameras">
      <UniqueIdentifier>{38bd8c9b-f98c-4ded-8057-97463cdb7b70}</UniqueIdentifier>
    </Filter>
    <Filter Include="rt\groups">
      <UniqueIdentifier>{3c6f9b6a-19e2-410f-a3a3-ec2e4bc4ff55}</UniqueIdentifier>
    </Filter>
    <Filter Include="rt\integrators">
      <UniqueIdentifier>{6c27b8c9-328b-49ac-88db-a2bfc8f5c66a}</UniqueIdentifier>
    </Filter>
    <Filter Include="rt\solids">
      <UniqueIdentifier>{c84928e0-8541-4986-9b2b-71175051938a}</UniqueIdentifier>
    </Filter>
    <Filter Include="rt\loaders">
      <UniqueIdentifier>{90d612ce-b4e8-4630-9a5d-18a67d625235}</UniqueIdentifier>
    </Filter>
    <Filter Include="rt\primmod">
      <UniqueIdentifier>{723965ca-5256-4473-a3ac-156abb8feabe}</UniqueIdentifier>
    </Filter>
    <Filter Include="rt\materials">
      <UniqueIdentifier>{d6e258a7-e8b8-4ba9-b2b3-3442ecd5b048}</UniqueIdentifier>
    </Filter>
    <Filter Include="rt\lights">
      <UniqueIdentifier>{21eeb6b8-2e9e-4222-b323-0e756b641988}</UniqueIdentifier>
    </Filter>
    <Filter Include="rt\textures">
      <UniqueIdentifier>{a175a240-5fbd-42b0-a08f-cc937d245820}</UniqueIdentifier>
    </Filter>
    <Filter Include="rt\coordmappers">
      <UniqueIdentifier>{9af9a6ad-ed51-455d-99fb-8ca0c1f780cd}</UniqueIdentifier>
    </Filter>
    <Filter Include="rendering_comp">
      <UniqueIdentifier>{f4de281c-4121-4905-91e4-b3ea1643cb64}</UniqueIdentifier>
    </Filter>
  </ItemGroup>
  <ItemGroup>
    <ClInclude Include="rt\ray.h">
      <Filter>rt</Filter>
    </ClInclude>
    <ClInclude Include="rt\renderer.h">
      <Filter>rt</Filter>
    </ClInclude>
    <ClInclude Include="rt\cameras\camera.h">
      <Filter>rt\cameras</Filter>
    </ClInclude>
    <ClInclude Include="rt\cameras\environment.h">
      <Filter>rt\cameras</Filter>
    </ClInclude>
    <ClInclude Include="rt\cameras\fisheye.h">
      <Filter>rt\cameras</Filter>
    </ClInclude>
    <ClInclude Include="rt\cameras\orthographic.h">
      <Filter>rt\cameras</Filter>
    </ClInclude>
    <ClInclude Include="rt\cameras\perspective.h">
      <Filter>rt\cameras</Filter>
    </ClInclude>
    <ClInclude Include="core\vector.h">
      <Filter>core</Filter>
    </ClInclude>
    <ClInclude Include="core\assert.h">
      <Filter>core</Filter>
    </ClInclude>
    <ClInclude Include="core\color.h">
      <Filter>core</Filter>
    </ClInclude>
    <ClInclude Include="core\image.h">
      <Filter>core</Filter>
    </ClInclude>
    <ClInclude Include="core\julia.h">
      <Filter>core</Filter>
    </ClInclude>
    <ClInclude Include="core\macros.h">
      <Filter>core</Filter>
    </ClInclude>
    <ClInclude Include="core\point.h">
      <Filter>core</Filter>
    </ClInclude>
    <ClInclude Include="core\scalar.h">
      <Filter>core</Filter>
    </ClInclude>
    <ClInclude Include="rt\bbox.h">
      <Filter>rt</Filter>
    </ClInclude>
    <ClInclude Include="rt\intersection.h">
      <Filter>rt</Filter>
    </ClInclude>
    <ClInclude Include="rt\primitive.h">
      <Filter>rt</Filter>
    </ClInclude>
    <ClInclude Include="rt\world.h">
      <Filter>rt</Filter>
    </ClInclude>
    <ClInclude Include="rt\groups\group.h">
      <Filter>rt\groups</Filter>
    </ClInclude>
    <ClInclude Include="rt\groups\simplegroup.h">
      <Filter>rt\groups</Filter>
    </ClInclude>
    <ClInclude Include="rt\integrators\casting.h">
      <Filter>rt\integrators</Filter>
    </ClInclude>
    <ClInclude Include="rt\integrators\castingdist.h">
      <Filter>rt\integrators</Filter>
    </ClInclude>
    <ClInclude Include="rt\integrators\integrator.h">
      <Filter>rt\integrators</Filter>
    </ClInclude>
    <ClInclude Include="rt\solids\aabox.h">
      <Filter>rt\solids</Filter>
    </ClInclude>
    <ClInclude Include="rt\solids\disc.h">
      <Filter>rt\solids</Filter>
    </ClInclude>
    <ClInclude Include="rt\solids\infiniteplane.h">
      <Filter>rt\solids</Filter>
    </ClInclude>
    <ClInclude Include="rt\solids\quad.h">
      <Filter>rt\solids</Filter>
    </ClInclude>
    <ClInclude Include="rt\solids\solid.h">
      <Filter>rt\solids</Filter>
    </ClInclude>
    <ClInclude Include="rt\solids\sphere.h">
      <Filter>rt\solids</Filter>
    </ClInclude>
    <ClInclude Include="rt\solids\triangle.h">
      <Filter>rt\solids</Filter>
    </ClInclude>
    <ClInclude Include="rt\solids\quadric.h">
      <Filter>rt\solids</Filter>
    </ClInclude>
    <ClInclude Include="rt\groups\kdtree.h">
      <Filter>rt\groups</Filter>
    </ClInclude>
    <ClInclude Include="rt\loaders\obj.h">
      <Filter>rt\loaders</Filter>
    </ClInclude>
    <ClInclude Include="rt\groups\median_kdtree.h">
      <Filter>rt\groups</Filter>
    </ClInclude>
    <ClInclude Include="rt\groups\btree_info.h">
      <Filter>rt\groups</Filter>
    </ClInclude>
    <ClInclude Include="rt\groups\sah_kdtree.h">
      <Filter>rt\groups</Filter>
    </ClInclude>
    <ClInclude Include="rt\groups\bvh.h">
      <Filter>rt\groups</Filter>
    </ClInclude>
    <ClInclude Include="core\matrix.h">
      <Filter>core</Filter>
    </ClInclude>
    <ClInclude Include="core\float4.h">
      <Filter>core</Filter>
    </ClInclude>
    <ClInclude Include="rt\primmod\instance.h">
      <Filter>rt\primmod</Filter>
    </ClInclude>
    <ClInclude Include="rt\integrators\montecarlo.h">
      <Filter>rt\integrators</Filter>
    </ClInclude>
    <ClInclude Include="rt\integrators\raytrace.h">
      <Filter>rt\integrators</Filter>
    </ClInclude>
    <ClInclude Include="rt\integrators\recraytrace.h">
      <Filter>rt\integrators</Filter>
    </ClInclude>
    <ClInclude Include="rt\materials\combine.h">
      <Filter>rt\materials</Filter>
    </ClInclude>
    <ClInclude Include="rt\materials\dummy.h">
      <Filter>rt\materials</Filter>
    </ClInclude>
    <ClInclude Include="rt\materials\lambertian.h">
      <Filter>rt\materials</Filter>
    </ClInclude>
    <ClInclude Include="rt\materials\material.h">
      <Filter>rt\materials</Filter>
    </ClInclude>
    <ClInclude Include="rt\materials\mirror.h">
      <Filter>rt\materials</Filter>
    </ClInclude>
    <ClInclude Include="rt\materials\phong.h">
      <Filter>rt\materials</Filter>
    </ClInclude>
    <ClInclude Include="rt\lights\directional.h">
      <Filter>rt\lights</Filter>
    </ClInclude>
    <ClInclude Include="rt\lights\light.h">
      <Filter>rt\lights</Filter>
    </ClInclude>
    <ClInclude Include="rt\lights\pointlight.h">
      <Filter>rt\lights</Filter>
    </ClInclude>
    <ClInclude Include="rt\lights\spotlight.h">
      <Filter>rt\lights</Filter>
    </ClInclude>
    <ClInclude Include="rt\textures\constant.h">
      <Filter>rt\textures</Filter>
    </ClInclude>
    <ClInclude Include="rt\textures\texture.h">
      <Filter>rt\textures</Filter>
    </ClInclude>
    <ClInclude Include="rt\lights\projectivelight.h">
      <Filter>rt\lights</Filter>
    </ClInclude>
    <ClInclude Include="rt\materials\cooktorrance.h">
      <Filter>rt\materials</Filter>
    </ClInclude>
    <ClInclude Include="core\interpolate.h">
      <Filter>core</Filter>
    </ClInclude>
    <ClInclude Include="core\interpolate-impl.h">
      <Filter>core</Filter>
    </ClInclude>
    <ClInclude Include="rt\materials\flatmaterial.h">
      <Filter>rt\materials</Filter>
    </ClInclude>
    <ClInclude Include="rt\textures\checkerboard.h">
      <Filter>rt\textures</Filter>
    </ClInclude>
    <ClInclude Include="rt\textures\perlin.h">
      <Filter>rt\textures</Filter>
    </ClInclude>
    <ClInclude Include="rt\textures\imagetex.h">
      <Filter>rt\textures</Filter>
    </ClInclude>
    <ClInclude Include="rt\coordmappers\coordmapper.h">
      <Filter>rt\coordmappers</Filter>
    </ClInclude>
    <ClInclude Include="rt\coordmappers\world.h">
      <Filter>rt\coordmappers</Filter>
    </ClInclude>
    <ClInclude Include="rt\coordmappers\plane.h">
      <Filter>rt\coordmappers</Filter>
    </ClInclude>
    <ClInclude Include="rt\coordmappers\cylindrical.h">
      <Filter>rt\coordmappers</Filter>
    </ClInclude>
    <ClInclude Include="rt\coordmappers\spherical.h">
      <Filter>rt\coordmappers</Filter>
    </ClInclude>
    <ClInclude Include="rt\coordmappers\tmapper.h">
      <Filter>rt\coordmappers</Filter>
    </ClInclude>
    <ClInclude Include="rt\lights\arealight.h">
      <Filter>rt\lights</Filter>
    </ClInclude>
    <ClInclude Include="rt\materials\fuzzymirror.h">
      <Filter>rt\materials</Filter>
    </ClInclude>
    <ClInclude Include="rt\materials\glass.h">
      <Filter>rt\materials</Filter>
    </ClInclude>
    <ClInclude Include="rt\cameras\dofperspective.h">
      <Filter>rt\cameras</Filter>
    </ClInclude>
    <ClInclude Include="rt\solids\striangle.h">
      <Filter>rt\solids</Filter>
    </ClInclude>
    <ClInclude Include="rt\primmod\bmap.h">
      <Filter>rt\primmod</Filter>
    </ClInclude>
    <ClInclude Include="rendering_comp\vcdr_renderer.h">
      <Filter>rendering_comp</Filter>
    </ClInclude>
    <ClInclude Include="rendering_comp\vcdr_util.h">
      <Filter>rendering_comp</Filter>
    </ClInclude>
    <ClInclude Include="rendering_comp\vcdr_integrator.h">
      <Filter>rendering_comp</Filter>
    </ClInclude>
    <ClInclude Include="rendering_comp\vcdr_camera.h">
      <Filter>rendering_comp</Filter>
    </ClInclude>
    <ClInclude Include="rendering_comp\vcdr_procedural.h">
      <Filter>rendering_comp</Filter>
    </ClInclude>
    <ClInclude Include="rendering_comp\vcdr_vec.h">
      <Filter>rendering_comp</Filter>
    </ClInclude>
    <ClInclude Include="rendering_comp\vcdr_mat.h">
      <Filter>rendering_comp</Filter>
    </ClInclude>
    <ClInclude Include="rendering_comp\vcdr_solid.h">
      <Filter>rendering_comp</Filter>
    </ClInclude>
    <ClInclude Include="rendering_comp\vcdr_fbm_terrain.h">
      <Filter>rendering_comp</Filter>
    </ClInclude>
    <ClInclude Include="rendering_comp\vcdr_intersection.h">
      <Filter>rendering_comp</Filter>
    </ClInclude>
    <ClInclude Include="rendering_comp\vcdr_world.h">
      <Filter>rendering_comp</Filter>
    </ClInclude>
    <ClInclude Include="rendering_comp\vcdr_camera_perspective.h">
      <Filter>rendering_comp</Filter>
    </ClInclude>
    <ClInclude Include="rendering_comp\vcdr_integrator_default.h">
      <Filter>rendering_comp</Filter>
    </ClInclude>
    <ClInclude Include="rendering_comp\vcdr_background_sky.h">
      <Filter>rendering_comp</Filter>
    </ClInclude>
    <ClInclude Include="rendering_comp\vcdr_misc.h">
      <Filter>rendering_comp</Filter>
    </ClInclude>
    <ClInclude Include="rendering_comp\vcdr_lake.h">
      <Filter>rendering_comp</Filter>
    </ClInclude>
    <ClInclude Include="rendering_comp\vcdr_clouds.h">
      <Filter>rendering_comp</Filter>
    </ClInclude>
    <ClInclude Include="core\random.h">
      <Filter>core</Filter>
    </ClInclude>
    <ClInclude Include="rendering_comp\vcdr_cloud.h">
      <Filter>rendering_comp</Filter>
    </ClInclude>
  </ItemGroup>
  <ItemGroup>
    <ClCompile Include="rt\renderer.cpp">
      <Filter>rt</Filter>
    </ClCompile>
    <ClCompile Include="rt\cameras\environment.cpp">
      <Filter>rt\cameras</Filter>
    </ClCompile>
    <ClCompile Include="rt\cameras\fisheye.cpp">
      <Filter>rt\cameras</Filter>
    </ClCompile>
    <ClCompile Include="rt\cameras\orthographic.cpp">
      <Filter>rt\cameras</Filter>
    </ClCompile>
    <ClCompile Include="rt\cameras\perspective.cpp">
      <Filter>rt\cameras</Filter>
    </ClCompile>
    <ClCompile Include="main\a_cameras.cpp">
      <Filter>main</Filter>
    </ClCompile>
    <ClCompile Include="main\a_julia.cpp">
      <Filter>main</Filter>
    </ClCompile>
    <ClCompile Include="main\main.cpp">
      <Filter>main</Filter>
    </ClCompile>
    <ClCompile Include="core\color.cpp">
      <Filter>core</Filter>
    </ClCompile>
    <ClCompile Include="core\image.cpp">
      <Filter>core</Filter>
    </ClCompile>
    <ClCompile Include="core\scalar.cpp">
      <Filter>core</Filter>
    </ClCompile>
    <ClCompile Include="main\a_solids.cpp">
      <Filter>main</Filter>
    </ClCompile>
    <ClCompile Include="main\a_indexing.cpp">
      <Filter>main</Filter>
    </ClCompile>
    <ClCompile Include="core\point.cpp">
      <Filter>core</Filter>
    </ClCompile>
    <ClCompile Include="core\vector.cpp">
      <Filter>core</Filter>
    </ClCompile>
    <ClCompile Include="core\julia.cpp">
      <Filter>core</Filter>
    </ClCompile>
    <ClCompile Include="rt\loaders\obj.cpp">
      <Filter>rt\loaders</Filter>
    </ClCompile>
    <ClCompile Include="rt\groups\median_kdtree.cpp">
      <Filter>rt\groups</Filter>
    </ClCompile>
    <ClCompile Include="rt\groups\btree_info.cpp">
      <Filter>rt\groups</Filter>
    </ClCompile>
    <ClCompile Include="rt\groups\sah_kdtree.cpp">
      <Filter>rt\groups</Filter>
    </ClCompile>
    <ClCompile Include="main\a_instancing.cpp">
      <Filter>main</Filter>
    </ClCompile>
    <ClCompile Include="core\matrix.cpp">
      <Filter>core</Filter>
    </ClCompile>
    <ClCompile Include="core\float4.cpp">
      <Filter>core</Filter>
    </ClCompile>
    <ClCompile Include="main\a_lighting.cpp">
      <Filter>main</Filter>
    </ClCompile>
    <ClCompile Include="main\a_materials.cpp">
      <Filter>main</Filter>
    </ClCompile>
    <ClCompile Include="rt\materials\dummy.cpp">
      <Filter>rt\materials</Filter>
    </ClCompile>
    <ClCompile Include="rt\integrators\raytrace.cpp">
      <Filter>rt\integrators</Filter>
    </ClCompile>
    <ClCompile Include="rt\lights\projectivelight.cpp">
      <Filter>rt\lights</Filter>
    </ClCompile>
    <ClCompile Include="rt\materials\lambertian.cpp">
      <Filter>rt\materials</Filter>
    </ClCompile>
    <ClCompile Include="rt\materials\phong.cpp">
      <Filter>rt\materials</Filter>
    </ClCompile>
    <ClCompile Include="rt\materials\mirror.cpp">
      <Filter>rt\materials</Filter>
    </ClCompile>
    <ClCompile Include="rt\integrators\recraytrace.cpp">
      <Filter>rt\integrators</Filter>
    </ClCompile>
    <ClCompile Include="rt\materials\combine.cpp">
      <Filter>rt\materials</Filter>
    </ClCompile>
    <ClCompile Include="rt\materials\cooktorrance.cpp">
      <Filter>rt\materials</Filter>
    </ClCompile>
    <ClCompile Include="rt\materials\material.cpp">
      <Filter>rt\materials</Filter>
    </ClCompile>
    <ClCompile Include="core\interpolate.cpp">
      <Filter>core</Filter>
    </ClCompile>
    <ClCompile Include="rt\materials\flatmaterial.cpp">
      <Filter>rt\materials</Filter>
    </ClCompile>
    <ClCompile Include="rt\textures\perlin.cpp">
      <Filter>rt\textures</Filter>
    </ClCompile>
    <ClCompile Include="main\a_distributed.cpp">
      <Filter>main</Filter>
    </ClCompile>
    <ClCompile Include="main\a_mappers.cpp">
      <Filter>main</Filter>
    </ClCompile>
    <ClCompile Include="main\a_textures.cpp">
      <Filter>main</Filter>
    </ClCompile>
    <ClCompile Include="rt\loaders\objmat.cpp">
      <Filter>rt\loaders</Filter>
    </ClCompile>
    <ClCompile Include="rt\materials\glass.cpp">
      <Filter>rt\materials</Filter>
    </ClCompile>
    <ClCompile Include="rt\materials\fuzzymirror.cpp">
      <Filter>rt\materials</Filter>
    </ClCompile>
    <ClCompile Include="rt\cameras\dofperspective.cpp">
      <Filter>rt\cameras</Filter>
    </ClCompile>
    <ClCompile Include="main\a_bump.cpp">
      <Filter>main</Filter>
    </ClCompile>
    <ClCompile Include="main\a_smooth.cpp">
      <Filter>main</Filter>
    </ClCompile>
    <ClCompile Include="rt\primmod\bmap.cpp">
      <Filter>rt\primmod</Filter>
    </ClCompile>
    <ClCompile Include="rendering_comp\vcdr_renderer.cpp">
      <Filter>rendering_comp</Filter>
    </ClCompile>
    <ClCompile Include="rendering_comp\rendering_comp.cpp">
      <Filter>main</Filter>
    </ClCompile>
    <ClCompile Include="rendering_comp\vcdr_util.cpp">
      <Filter>rendering_comp</Filter>
    </ClCompile>
    <ClCompile Include="rendering_comp\vcdr_vec.cpp">
      <Filter>rendering_comp</Filter>
    </ClCompile>
    <ClCompile Include="rendering_comp\vcdr_mat.cpp">
      <Filter>rendering_comp</Filter>
    </ClCompile>
    <ClCompile Include="rendering_comp\vcdr_intersection.cpp">
      <Filter>rendering_comp</Filter>
    </ClCompile>
    <ClCompile Include="rendering_comp\vcdr_world.cpp">
      <Filter>rendering_comp</Filter>
    </ClCompile>
    <ClCompile Include="rendering_comp\vcdr_misc.cpp">
      <Filter>rendering_comp</Filter>
    </ClCompile>
    <ClCompile Include="core\random.cpp">
      <Filter>core</Filter>
    </ClCompile>
  </ItemGroup>
</Project>